
Microsoft Visual Studio Solution File, Format Version 12.00
# Visual Studio Version 16
VisualStudioVersion = 16.0.30204.135
MinimumVisualStudioVersion = 10.0.40219.1
Project("{9A19103F-16F7-4668-BE54-9A1E7A4F7556}") = "BudgetVisualization", "BudgetVisualization.csproj", "{1FC00B4F-B4AB-4E2A-A94F-F392242D7F73}"
EndProject
Global
	GlobalSection(SolutionConfigurationPlatforms) = preSolution
		Debug|Any CPU = Debug|Any CPU
		Release|Any CPU = Release|Any CPU
	EndGlobalSection
	GlobalSection(ProjectConfigurationPlatforms) = postSolution
		{1FC00B4F-B4AB-4E2A-A94F-F392242D7F73}.Debug|Any CPU.ActiveCfg = Debug|Any CPU
		{1FC00B4F-B4AB-4E2A-A94F-F392242D7F73}.Debug|Any CPU.Build.0 = Debug|Any CPU
		{1FC00B4F-B4AB-4E2A-A94F-F392242D7F73}.Release|Any CPU.ActiveCfg = Release|Any CPU
		{1FC00B4F-B4AB-4E2A-A94F-F392242D7F73}.Release|Any CPU.Build.0 = Release|Any CPU
	EndGlobalSection
	GlobalSection(SolutionProperties) = preSolution
		HideSolutionNode = FALSE
	EndGlobalSection
	GlobalSection(ExtensibilityGlobals) = postSolution
		SolutionGuid = {A045D0CC-5326-4BF7-8E9A-5EC47A10C79A}
	EndGlobalSection
EndGlobal
